
Microsoft Visual Studio Solution File, Format Version 12.00
# Visual Studio 14
VisualStudioVersion = 14.0.25123.0
MinimumVisualStudioVersion = 10.0.40219.1
Project("{FAE04EC0-301F-11D3-BF4B-00C04F79EFBC}") = "EasyChat", "EasyChat\EasyChat.csproj", "{98D54076-AD3B-46B0-9E00-A38E312487ED}"
EndProject
Project("{2150E333-8FDC-42A3-9474-1A3956D46DE8}") = "PublishScripts", "PublishScripts", "{6FE70AA0-C597-4099-9A01-454FC666D504}"
EndProject
Project("{2150E333-8FDC-42A3-9474-1A3956D46DE8}") = "Scripts", "Scripts", "{C350B733-B4E8-4D07-9CE7-5EB410166EBE}"
	ProjectSection(SolutionItems) = preProject
		PublishScripts\Scripts\Deploy-AzureResourceGroup.ps1 = PublishScripts\Scripts\Deploy-AzureResourceGroup.ps1
	EndProjectSection
EndProject
Project("{2150E333-8FDC-42A3-9474-1A3956D46DE8}") = "Templates", "Templates", "{D478C28E-B528-4F68-B124-371ED96F4716}"
	ProjectSection(SolutionItems) = preProject
		PublishScripts\Templates\EasyChat.json = PublishScripts\Templates\EasyChat.json
		PublishScripts\Templates\EasyChat.param.dev.json = PublishScripts\Templates\EasyChat.param.dev.json
	EndProjectSection
EndProject
Global
	GlobalSection(SolutionConfigurationPlatforms) = preSolution
		Debug|Any CPU = Debug|Any CPU
		Release|Any CPU = Release|Any CPU
	EndGlobalSection
	GlobalSection(ProjectConfigurationPlatforms) = postSolution
		{98D54076-AD3B-46B0-9E00-A38E312487ED}.Debug|Any CPU.ActiveCfg = Debug|Any CPU
		{98D54076-AD3B-46B0-9E00-A38E312487ED}.Debug|Any CPU.Build.0 = Debug|Any CPU
		{98D54076-AD3B-46B0-9E00-A38E312487ED}.Release|Any CPU.ActiveCfg = Release|Any CPU
		{98D54076-AD3B-46B0-9E00-A38E312487ED}.Release|Any CPU.Build.0 = Release|Any CPU
	EndGlobalSection
	GlobalSection(SolutionProperties) = preSolution
		HideSolutionNode = FALSE
	EndGlobalSection
	GlobalSection(NestedProjects) = preSolution
		{C350B733-B4E8-4D07-9CE7-5EB410166EBE} = {6FE70AA0-C597-4099-9A01-454FC666D504}
		{D478C28E-B528-4F68-B124-371ED96F4716} = {6FE70AA0-C597-4099-9A01-454FC666D504}
	EndGlobalSection
EndGlobal
